
Microsoft Visual Studio Solution File, Format Version 12.00
# Visual Studio 15
VisualStudioVersion = 15.0.28307.572
MinimumVisualStudioVersion = 10.0.40219.1
Project("{FAE04EC0-301F-11D3-BF4B-00C04F79EFBC}") = "NameSorter.Library", "NameSorter.Library\NameSorter.Library.csproj", "{448EA368-E337-4F3E-AB0F-ED0EAB14887E}"
EndProject
Project("{FAE04EC0-301F-11D3-BF4B-00C04F79EFBC}") = "NameSorter.ConsoleApp", "NameSorter.ConsoleApp\NameSorter.ConsoleApp.csproj", "{0EDF0FE2-5D3C-4B73-AE4C-E77BDDB78D46}"
EndProject
Project("{FAE04EC0-301F-11D3-BF4B-00C04F79EFBC}") = "NameSorter.Library.Test", "NameSorter.Library.Test\NameSorter.Library.Test.csproj", "{E3C9CF72-E0E9-45DD-95E9-DC76FA643311}"
EndProject
Project("{FAE04EC0-301F-11D3-BF4B-00C04F79EFBC}") = "Images", "Images\Images.csproj", "{07D0E20C-4321-47C2-92CB-02096794A1B4}"
EndProject
Global
	GlobalSection(SolutionConfigurationPlatforms) = preSolution
		Debug|Any CPU = Debug|Any CPU
		Release|Any CPU = Release|Any CPU
	EndGlobalSection
	GlobalSection(ProjectConfigurationPlatforms) = postSolution
		{448EA368-E337-4F3E-AB0F-ED0EAB14887E}.Debug|Any CPU.ActiveCfg = Debug|Any CPU
		{448EA368-E337-4F3E-AB0F-ED0EAB14887E}.Debug|Any CPU.Build.0 = Debug|Any CPU
		{448EA368-E337-4F3E-AB0F-ED0EAB14887E}.Release|Any CPU.ActiveCfg = Release|Any CPU
		{448EA368-E337-4F3E-AB0F-ED0EAB14887E}.Release|Any CPU.Build.0 = Release|Any CPU
		{0EDF0FE2-5D3C-4B73-AE4C-E77BDDB78D46}.Debug|Any CPU.ActiveCfg = Debug|Any CPU
		{0EDF0FE2-5D3C-4B73-AE4C-E77BDDB78D46}.Debug|Any CPU.Build.0 = Debug|Any CPU
		{0EDF0FE2-5D3C-4B73-AE4C-E77BDDB78D46}.Release|Any CPU.ActiveCfg = Release|Any CPU
		{0EDF0FE2-5D3C-4B73-AE4C-E77BDDB78D46}.Release|Any CPU.Build.0 = Release|Any CPU
		{E3C9CF72-E0E9-45DD-95E9-DC76FA643311}.Debug|Any CPU.ActiveCfg = Debug|Any CPU
		{E3C9CF72-E0E9-45DD-95E9-DC76FA643311}.Debug|Any CPU.Build.0 = Debug|Any CPU
		{E3C9CF72-E0E9-45DD-95E9-DC76FA643311}.Release|Any CPU.ActiveCfg = Release|Any CPU
		{E3C9CF72-E0E9-45DD-95E9-DC76FA643311}.Release|Any CPU.Build.0 = Release|Any CPU
		{07D0E20C-4321-47C2-92CB-02096794A1B4}.Debug|Any CPU.ActiveCfg = Debug|Any CPU
		{07D0E20C-4321-47C2-92CB-02096794A1B4}.Debug|Any CPU.Build.0 = Debug|Any CPU
		{07D0E20C-4321-47C2-92CB-02096794A1B4}.Release|Any CPU.ActiveCfg = Release|Any CPU
		{07D0E20C-4321-47C2-92CB-02096794A1B4}.Release|Any CPU.Build.0 = Release|Any CPU
	EndGlobalSection
	GlobalSection(SolutionProperties) = preSolution
		HideSolutionNode = FALSE
	EndGlobalSection
	GlobalSection(ExtensibilityGlobals) = postSolution
		SolutionGuid = {E26FDE92-AC96-4F1B-B15E-AC1F27F65EEF}
	EndGlobalSection
EndGlobal
